
Microsoft Visual Studio Solution File, Format Version 12.00
# Visual Studio Version 17
VisualStudioVersion = 17.0.32014.148
MinimumVisualStudioVersion = 10.0.40219.1
Project("{FAE04EC0-301F-11D3-BF4B-00C04F79EFBC}") = "LungeWarpVisualiser", "LungeWarpVisualiser\LungeWarpVisualiser.csproj", "{CDCB323B-0EB8-4742-BB00-50E174E73C5F}"
EndProject
Global
	GlobalSection(SolutionConfigurationPlatforms) = preSolution
		Debug|Any CPU = Debug|Any CPU
		Release|Any CPU = Release|Any CPU
	EndGlobalSection
	GlobalSection(ProjectConfigurationPlatforms) = postSolution
		{CDCB323B-0EB8-4742-BB00-50E174E73C5F}.Debug|Any CPU.ActiveCfg = Debug|Any CPU
		{CDCB323B-0EB8-4742-BB00-50E174E73C5F}.Debug|Any CPU.Build.0 = Debug|Any CPU
		{CDCB323B-0EB8-4742-BB00-50E174E73C5F}.Release|Any CPU.ActiveCfg = Release|Any CPU
		{CDCB323B-0EB8-4742-BB00-50E174E73C5F}.Release|Any CPU.Build.0 = Release|Any CPU
	EndGlobalSection
	GlobalSection(SolutionProperties) = preSolution
		HideSolutionNode = FALSE
	EndGlobalSection
	GlobalSection(ExtensibilityGlobals) = postSolution
		SolutionGuid = {F5EAA889-6B16-434A-B749-B74880C43833}
	EndGlobalSection
EndGlobal
